version = 1
requires-python = ">=3.10"

[[package]]
name = "awesome-project"
version = "0.1.0"
source = { editable = "." }
dependencies = [
    { name = "rootutils" },
]

[package.metadata]
requires-dist = [{ name = "rootutils", specifier = ">=1.0.7" }]

[[package]]
name = "python-dotenv"
version = "1.1.1"
source = { registry = "https://mirrors.cernet.edu.cn/pypi/web/simple" }
sdist = { url = "https://cmcc.mirrors.ustc.edu.cn/pypi/packages/f6/b0/4bc07ccd3572a2f9df7e6782f52b0c6c90dcbb803ac4a167702d7d0dfe1e/python_dotenv-1.1.1.tar.gz", hash = "sha256:a8a6399716257f45be6a007360200409fce5cda2661e3dec71d23dc15f6189ab", size = 41978 }
wheels = [
    { url = "https://cmcc.mirrors.ustc.edu.cn/pypi/packages/5f/ed/539768cf28c661b5b068d66d96a2f155c4971a5d55684a514c1a0e0dec2f/python_dotenv-1.1.1-py3-none-any.whl", hash = "sha256:31f23644fe2602f88ff55e1f5c79ba497e01224ee7737937930c448e4d0e24dc", size = 20556 },
]

[[package]]
name = "rootutils"
version = "1.0.7"
source = { registry = "https://mirrors.cernet.edu.cn/pypi/web/simple" }
dependencies = [
    { name = "python-dotenv" },
]
sdist = { url = "https://cmcc.mirrors.ustc.edu.cn/pypi/packages/16/9e/62489bd92acc537ed902fc3ebc0e055e8a96c6ca3071dfdecd9c513176ec/rootutils-1.0.7.tar.gz", hash = "sha256:7e2444cdbf4a73a907875fb109d55a38b4ee21313cef305bf59fadbf540440bc", size = 5730 }
wheels = [
    { url = "https://cmcc.mirrors.ustc.edu.cn/pypi/packages/19/17/1e8ba0be5b52aa7a18f0df7bd6ab31345a3a4f515d6beac6a765fcacaaa3/rootutils-1.0.7-py3-none-any.whl", hash = "sha256:89f1994e6d0f499db7aca7f90edc146801cb33c8565a15c7cee4a4e4fc8c6eef", size = 6403 },
]
